
Microsoft Visual Studio Solution File, Format Version 12.00
# Visual Studio Version 17
VisualStudioVersion = 17.6.33829.357
MinimumVisualStudioVersion = 10.0.40219.1
Project("{FAE04EC0-301F-11D3-BF4B-00C04F79EFBC}") = "Inventory", "Inventory.csproj", "{AB141D7E-0531-4A52-A013-B832981D0B4B}"
EndProject
Global
	GlobalSection(SolutionConfigurationPlatforms) = preSolution
		Debug|Any CPU = Debug|Any CPU
		Release|Any CPU = Release|Any CPU
	EndGlobalSection
	GlobalSection(ProjectConfigurationPlatforms) = postSolution
		{AB141D7E-0531-4A52-A013-B832981D0B4B}.Debug|Any CPU.ActiveCfg = Debug|Any CPU
		{AB141D7E-0531-4A52-A013-B832981D0B4B}.Debug|Any CPU.Build.0 = Debug|Any CPU
		{AB141D7E-0531-4A52-A013-B832981D0B4B}.Release|Any CPU.ActiveCfg = Release|Any CPU
		{AB141D7E-0531-4A52-A013-B832981D0B4B}.Release|Any CPU.Build.0 = Release|Any CPU
	EndGlobalSection
	GlobalSection(SolutionProperties) = preSolution
		HideSolutionNode = FALSE
	EndGlobalSection
	GlobalSection(ExtensibilityGlobals) = postSolution
		SolutionGuid = {55CE6912-1276-42AD-8B95-CB437E25B064}
	EndGlobalSection
EndGlobal
